
Microsoft Visual Studio Solution File, Format Version 12.00
# Visual Studio Version 17
VisualStudioVersion = 17.0.32112.339
MinimumVisualStudioVersion = 10.0.40219.1
Project("{FAE04EC0-301F-11D3-BF4B-00C04F79EFBC}") = "TodoApplication", "TodoApplication\TodoApplication.csproj", "{527DFADF-90FB-4F26-972D-F10A8BA93385}"
EndProject
Global
	GlobalSection(SolutionConfigurationPlatforms) = preSolution
		Debug|Any CPU = Debug|Any CPU
		Release|Any CPU = Release|Any CPU
	EndGlobalSection
	GlobalSection(ProjectConfigurationPlatforms) = postSolution
		{527DFADF-90FB-4F26-972D-F10A8BA93385}.Debug|Any CPU.ActiveCfg = Debug|Any CPU
		{527DFADF-90FB-4F26-972D-F10A8BA93385}.Debug|Any CPU.Build.0 = Debug|Any CPU
		{527DFADF-90FB-4F26-972D-F10A8BA93385}.Release|Any CPU.ActiveCfg = Release|Any CPU
		{527DFADF-90FB-4F26-972D-F10A8BA93385}.Release|Any CPU.Build.0 = Release|Any CPU
	EndGlobalSection
	GlobalSection(SolutionProperties) = preSolution
		HideSolutionNode = FALSE
	EndGlobalSection
	GlobalSection(ExtensibilityGlobals) = postSolution
		SolutionGuid = {9427F92F-83FE-48EF-A1EA-3AD0BBF5475B}
	EndGlobalSection
EndGlobal
