
Microsoft Visual Studio Solution File, Format Version 12.00
# Visual Studio Version 17
VisualStudioVersion = 17.0.32112.339
MinimumVisualStudioVersion = 10.0.40219.1
Project("{FAE04EC0-301F-11D3-BF4B-00C04F79EFBC}") = "ReflectionDemo", "ReflectionDemo\ReflectionDemo.csproj", "{AD45AD60-1357-49FE-A5E5-61C9603F342E}"
EndProject
Global
	GlobalSection(SolutionConfigurationPlatforms) = preSolution
		Debug|Any CPU = Debug|Any CPU
		Release|Any CPU = Release|Any CPU
	EndGlobalSection
	GlobalSection(ProjectConfigurationPlatforms) = postSolution
		{AD45AD60-1357-49FE-A5E5-61C9603F342E}.Debug|Any CPU.ActiveCfg = Debug|Any CPU
		{AD45AD60-1357-49FE-A5E5-61C9603F342E}.Debug|Any CPU.Build.0 = Debug|Any CPU
		{AD45AD60-1357-49FE-A5E5-61C9603F342E}.Release|Any CPU.ActiveCfg = Release|Any CPU
		{AD45AD60-1357-49FE-A5E5-61C9603F342E}.Release|Any CPU.Build.0 = Release|Any CPU
	EndGlobalSection
	GlobalSection(SolutionProperties) = preSolution
		HideSolutionNode = FALSE
	EndGlobalSection
	GlobalSection(ExtensibilityGlobals) = postSolution
		SolutionGuid = {0AB45C27-A6F8-4888-91C3-E86279A32CBD}
	EndGlobalSection
EndGlobal
