
Microsoft Visual Studio Solution File, Format Version 12.00
# Visual Studio Version 17
VisualStudioVersion = 17.0.31912.275
MinimumVisualStudioVersion = 10.0.40219.1
Project("{FAE04EC0-301F-11D3-BF4B-00C04F79EFBC}") = "TodoListWebApp", "TodoListWebApp\TodoListWebApp.csproj", "{73863E7C-7530-4825-9777-C79DB4757F1C}"
EndProject
Global
	GlobalSection(SolutionConfigurationPlatforms) = preSolution
		Debug|Any CPU = Debug|Any CPU
		Release|Any CPU = Release|Any CPU
	EndGlobalSection
	GlobalSection(ProjectConfigurationPlatforms) = postSolution
		{73863E7C-7530-4825-9777-C79DB4757F1C}.Debug|Any CPU.ActiveCfg = Debug|Any CPU
		{73863E7C-7530-4825-9777-C79DB4757F1C}.Debug|Any CPU.Build.0 = Debug|Any CPU
		{73863E7C-7530-4825-9777-C79DB4757F1C}.Release|Any CPU.ActiveCfg = Release|Any CPU
		{73863E7C-7530-4825-9777-C79DB4757F1C}.Release|Any CPU.Build.0 = Release|Any CPU
	EndGlobalSection
	GlobalSection(SolutionProperties) = preSolution
		HideSolutionNode = FALSE
	EndGlobalSection
	GlobalSection(ExtensibilityGlobals) = postSolution
		SolutionGuid = {0E9F7F2A-B768-41DA-88D9-A958A1729D4C}
	EndGlobalSection
EndGlobal
