
Microsoft Visual Studio Solution File, Format Version 12.00
# Visual Studio Version 17
VisualStudioVersion = 17.0.32112.339
MinimumVisualStudioVersion = 10.0.40219.1
Project("{FAE04EC0-301F-11D3-BF4B-00C04F79EFBC}") = "ConsoleDependencyInjection", "ConsoleDependencyInjection\ConsoleDependencyInjection.csproj", "{46693365-23BB-4A6D-A1D7-70272EC84741}"
EndProject
Global
	GlobalSection(SolutionConfigurationPlatforms) = preSolution
		Debug|Any CPU = Debug|Any CPU
		Release|Any CPU = Release|Any CPU
	EndGlobalSection
	GlobalSection(ProjectConfigurationPlatforms) = postSolution
		{46693365-23BB-4A6D-A1D7-70272EC84741}.Debug|Any CPU.ActiveCfg = Debug|Any CPU
		{46693365-23BB-4A6D-A1D7-70272EC84741}.Debug|Any CPU.Build.0 = Debug|Any CPU
		{46693365-23BB-4A6D-A1D7-70272EC84741}.Release|Any CPU.ActiveCfg = Release|Any CPU
		{46693365-23BB-4A6D-A1D7-70272EC84741}.Release|Any CPU.Build.0 = Release|Any CPU
	EndGlobalSection
	GlobalSection(SolutionProperties) = preSolution
		HideSolutionNode = FALSE
	EndGlobalSection
	GlobalSection(ExtensibilityGlobals) = postSolution
		SolutionGuid = {94BD3BCA-A77E-4A8D-B898-8F16D462596D}
	EndGlobalSection
EndGlobal
