
Microsoft Visual Studio Solution File, Format Version 12.00
# Visual Studio Version 17
VisualStudioVersion = 17.0.31912.275
MinimumVisualStudioVersion = 10.0.40219.1
Project("{FAE04EC0-301F-11D3-BF4B-00C04F79EFBC}") = "SampleShop", "SampleShop\SampleShop.csproj", "{45E4420A-863D-4A0E-A513-85BDA786336A}"
EndProject
Global
	GlobalSection(SolutionConfigurationPlatforms) = preSolution
		Debug|Any CPU = Debug|Any CPU
		Release|Any CPU = Release|Any CPU
	EndGlobalSection
	GlobalSection(ProjectConfigurationPlatforms) = postSolution
		{45E4420A-863D-4A0E-A513-85BDA786336A}.Debug|Any CPU.ActiveCfg = Debug|Any CPU
		{45E4420A-863D-4A0E-A513-85BDA786336A}.Debug|Any CPU.Build.0 = Debug|Any CPU
		{45E4420A-863D-4A0E-A513-85BDA786336A}.Release|Any CPU.ActiveCfg = Release|Any CPU
		{45E4420A-863D-4A0E-A513-85BDA786336A}.Release|Any CPU.Build.0 = Release|Any CPU
	EndGlobalSection
	GlobalSection(SolutionProperties) = preSolution
		HideSolutionNode = FALSE
	EndGlobalSection
	GlobalSection(ExtensibilityGlobals) = postSolution
		SolutionGuid = {066F192B-0D81-4D08-B363-67D092995C12}
	EndGlobalSection
EndGlobal
